
Microsoft Visual Studio Solution File, Format Version 12.00
# Visual Studio Version 17
VisualStudioVersion = 17.9.34728.123
MinimumVisualStudioVersion = 10.0.40219.1
Project("{2150E333-8FDC-42A3-9474-1A3956D46DE8}") = "01", "01", "{93E7318D-017C-45D5-80DE-7FED4B21ECA1}"
EndProject
Project("{9A19103F-16F7-4668-BE54-9A1E7A4F7556}") = "ConsoleApp01", "ConsoleApp01\ConsoleApp01.csproj", "{F97DA240-11CB-4A3B-9235-EE7C041FC549}"
EndProject
Project("{2150E333-8FDC-42A3-9474-1A3956D46DE8}") = "02", "02", "{701C33FC-C437-43D7-A5EF-60DCF33C408F}"
EndProject
Project("{9A19103F-16F7-4668-BE54-9A1E7A4F7556}") = "ConsoleApp02", "ConsoleApp02\ConsoleApp02.csproj", "{7E8F2095-1769-493C-8346-F8290A20D8EB}"
EndProject
Project("{2150E333-8FDC-42A3-9474-1A3956D46DE8}") = "03", "03", "{49B7263B-71A3-40BB-8E36-138FB7269A5B}"
EndProject
Project("{9A19103F-16F7-4668-BE54-9A1E7A4F7556}") = "ConsoleApp03", "ConsoleApp03\ConsoleApp03.csproj", "{9541F21E-22EE-4351-ABD2-83879AD9B457}"
EndProject
Project("{2150E333-8FDC-42A3-9474-1A3956D46DE8}") = "03A", "03A", "{3CC67876-D72C-47F2-B938-0D3572DA1D31}"
EndProject
Project("{9A19103F-16F7-4668-BE54-9A1E7A4F7556}") = "ConsoleApp03A", "ConsoleApp03A\ConsoleApp03A.csproj", "{4C399210-8BC1-4508-82F5-AD93F992CC99}"
EndProject
Project("{2150E333-8FDC-42A3-9474-1A3956D46DE8}") = "03B", "03B", "{4F6327FE-613C-4AEC-B4E8-515335848659}"
EndProject
Project("{9A19103F-16F7-4668-BE54-9A1E7A4F7556}") = "ConsoleApp03B", "ConsoleApp03B\ConsoleApp03B.csproj", "{8C052608-CD65-4EB4-B306-0F04B75D487B}"
EndProject
Project("{2150E333-8FDC-42A3-9474-1A3956D46DE8}") = "04", "04", "{067AE9F0-67D3-42DD-8DF4-5299979A2452}"
EndProject
Project("{9A19103F-16F7-4668-BE54-9A1E7A4F7556}") = "ConsoleApp04", "ConsoleApp04\ConsoleApp04.csproj", "{E3DE4B5F-E813-4C42-BD73-F7666094B49D}"
EndProject
Project("{2150E333-8FDC-42A3-9474-1A3956D46DE8}") = "05", "05", "{F505CFA2-7C27-44BF-B60A-1BDF46CE0DB7}"
EndProject
Project("{9A19103F-16F7-4668-BE54-9A1E7A4F7556}") = "ConsoleApp05", "ConsoleApp05\ConsoleApp05.csproj", "{7166EE0C-BDB7-4004-92E5-EF6B13329165}"
EndProject
Project("{2150E333-8FDC-42A3-9474-1A3956D46DE8}") = "02B", "02B", "{66996FBA-B9C7-4100-8E88-A9A7F1DC353A}"
EndProject
Project("{2150E333-8FDC-42A3-9474-1A3956D46DE8}") = "07", "07", "{2BEFE36B-F341-4F6F-AC08-D70AA424ECCF}"
EndProject
Project("{2150E333-8FDC-42A3-9474-1A3956D46DE8}") = "12", "12", "{374DDAD6-BC97-4BE4-BD35-2A157A9968AB}"
EndProject
Project("{2150E333-8FDC-42A3-9474-1A3956D46DE8}") = "14", "14", "{F97D74BB-8E68-4D03-ABA8-D4C506AE0556}"
EndProject
Project("{FAE04EC0-301F-11D3-BF4B-00C04F79EFBC}") = "ConsoleApp02bis.Consola", "ConsoleApp02bis.Consola\ConsoleApp02bis.Consola.csproj", "{96FD29A2-F0CF-4E2C-A51F-51DB23AB613A}"
EndProject
Project("{FAE04EC0-301F-11D3-BF4B-00C04F79EFBC}") = "ConsoleApp07.Consola", "ConsoleApp07.Consola\ConsoleApp07.Consola.csproj", "{EDDF8BB7-4CBB-4EAF-89F9-73FEB46452D1}"
EndProject
Project("{FAE04EC0-301F-11D3-BF4B-00C04F79EFBC}") = "ConsoleApp12.Consola", "ConsoleApp12.Consola\ConsoleApp12.Consola.csproj", "{CB3EC5EC-552A-4791-B572-85430E6CF101}"
EndProject
Project("{FAE04EC0-301F-11D3-BF4B-00C04F79EFBC}") = "ConsoleApp14.Consola", "ConsoleApp14.Consola\ConsoleApp14.Consola.csproj", "{B96D4591-833E-4B53-9230-FE25ABE434EC}"
EndProject
Global
	GlobalSection(SolutionConfigurationPlatforms) = preSolution
		Debug|Any CPU = Debug|Any CPU
		Release|Any CPU = Release|Any CPU
	EndGlobalSection
	GlobalSection(ProjectConfigurationPlatforms) = postSolution
		{F97DA240-11CB-4A3B-9235-EE7C041FC549}.Debug|Any CPU.ActiveCfg = Debug|Any CPU
		{F97DA240-11CB-4A3B-9235-EE7C041FC549}.Debug|Any CPU.Build.0 = Debug|Any CPU
		{F97DA240-11CB-4A3B-9235-EE7C041FC549}.Release|Any CPU.ActiveCfg = Release|Any CPU
		{F97DA240-11CB-4A3B-9235-EE7C041FC549}.Release|Any CPU.Build.0 = Release|Any CPU
		{7E8F2095-1769-493C-8346-F8290A20D8EB}.Debug|Any CPU.ActiveCfg = Debug|Any CPU
		{7E8F2095-1769-493C-8346-F8290A20D8EB}.Debug|Any CPU.Build.0 = Debug|Any CPU
		{7E8F2095-1769-493C-8346-F8290A20D8EB}.Release|Any CPU.ActiveCfg = Release|Any CPU
		{7E8F2095-1769-493C-8346-F8290A20D8EB}.Release|Any CPU.Build.0 = Release|Any CPU
		{9541F21E-22EE-4351-ABD2-83879AD9B457}.Debug|Any CPU.ActiveCfg = Debug|Any CPU
		{9541F21E-22EE-4351-ABD2-83879AD9B457}.Debug|Any CPU.Build.0 = Debug|Any CPU
		{9541F21E-22EE-4351-ABD2-83879AD9B457}.Release|Any CPU.ActiveCfg = Release|Any CPU
		{9541F21E-22EE-4351-ABD2-83879AD9B457}.Release|Any CPU.Build.0 = Release|Any CPU
		{4C399210-8BC1-4508-82F5-AD93F992CC99}.Debug|Any CPU.ActiveCfg = Debug|Any CPU
		{4C399210-8BC1-4508-82F5-AD93F992CC99}.Debug|Any CPU.Build.0 = Debug|Any CPU
		{4C399210-8BC1-4508-82F5-AD93F992CC99}.Release|Any CPU.ActiveCfg = Release|Any CPU
		{4C399210-8BC1-4508-82F5-AD93F992CC99}.Release|Any CPU.Build.0 = Release|Any CPU
		{8C052608-CD65-4EB4-B306-0F04B75D487B}.Debug|Any CPU.ActiveCfg = Debug|Any CPU
		{8C052608-CD65-4EB4-B306-0F04B75D487B}.Debug|Any CPU.Build.0 = Debug|Any CPU
		{8C052608-CD65-4EB4-B306-0F04B75D487B}.Release|Any CPU.ActiveCfg = Release|Any CPU
		{8C052608-CD65-4EB4-B306-0F04B75D487B}.Release|Any CPU.Build.0 = Release|Any CPU
		{E3DE4B5F-E813-4C42-BD73-F7666094B49D}.Debug|Any CPU.ActiveCfg = Debug|Any CPU
		{E3DE4B5F-E813-4C42-BD73-F7666094B49D}.Debug|Any CPU.Build.0 = Debug|Any CPU
		{E3DE4B5F-E813-4C42-BD73-F7666094B49D}.Release|Any CPU.ActiveCfg = Release|Any CPU
		{E3DE4B5F-E813-4C42-BD73-F7666094B49D}.Release|Any CPU.Build.0 = Release|Any CPU
		{7166EE0C-BDB7-4004-92E5-EF6B13329165}.Debug|Any CPU.ActiveCfg = Debug|Any CPU
		{7166EE0C-BDB7-4004-92E5-EF6B13329165}.Debug|Any CPU.Build.0 = Debug|Any CPU
		{7166EE0C-BDB7-4004-92E5-EF6B13329165}.Release|Any CPU.ActiveCfg = Release|Any CPU
		{7166EE0C-BDB7-4004-92E5-EF6B13329165}.Release|Any CPU.Build.0 = Release|Any CPU
		{96FD29A2-F0CF-4E2C-A51F-51DB23AB613A}.Debug|Any CPU.ActiveCfg = Debug|Any CPU
		{96FD29A2-F0CF-4E2C-A51F-51DB23AB613A}.Debug|Any CPU.Build.0 = Debug|Any CPU
		{96FD29A2-F0CF-4E2C-A51F-51DB23AB613A}.Release|Any CPU.ActiveCfg = Release|Any CPU
		{96FD29A2-F0CF-4E2C-A51F-51DB23AB613A}.Release|Any CPU.Build.0 = Release|Any CPU
		{EDDF8BB7-4CBB-4EAF-89F9-73FEB46452D1}.Debug|Any CPU.ActiveCfg = Debug|Any CPU
		{EDDF8BB7-4CBB-4EAF-89F9-73FEB46452D1}.Debug|Any CPU.Build.0 = Debug|Any CPU
		{EDDF8BB7-4CBB-4EAF-89F9-73FEB46452D1}.Release|Any CPU.ActiveCfg = Release|Any CPU
		{EDDF8BB7-4CBB-4EAF-89F9-73FEB46452D1}.Release|Any CPU.Build.0 = Release|Any CPU
		{CB3EC5EC-552A-4791-B572-85430E6CF101}.Debug|Any CPU.ActiveCfg = Debug|Any CPU
		{CB3EC5EC-552A-4791-B572-85430E6CF101}.Debug|Any CPU.Build.0 = Debug|Any CPU
		{CB3EC5EC-552A-4791-B572-85430E6CF101}.Release|Any CPU.ActiveCfg = Release|Any CPU
		{CB3EC5EC-552A-4791-B572-85430E6CF101}.Release|Any CPU.Build.0 = Release|Any CPU
		{B96D4591-833E-4B53-9230-FE25ABE434EC}.Debug|Any CPU.ActiveCfg = Debug|Any CPU
		{B96D4591-833E-4B53-9230-FE25ABE434EC}.Debug|Any CPU.Build.0 = Debug|Any CPU
		{B96D4591-833E-4B53-9230-FE25ABE434EC}.Release|Any CPU.ActiveCfg = Release|Any CPU
		{B96D4591-833E-4B53-9230-FE25ABE434EC}.Release|Any CPU.Build.0 = Release|Any CPU
	EndGlobalSection
	GlobalSection(SolutionProperties) = preSolution
		HideSolutionNode = FALSE
	EndGlobalSection
	GlobalSection(NestedProjects) = preSolution
		{F97DA240-11CB-4A3B-9235-EE7C041FC549} = {93E7318D-017C-45D5-80DE-7FED4B21ECA1}
		{7E8F2095-1769-493C-8346-F8290A20D8EB} = {701C33FC-C437-43D7-A5EF-60DCF33C408F}
		{9541F21E-22EE-4351-ABD2-83879AD9B457} = {49B7263B-71A3-40BB-8E36-138FB7269A5B}
		{4C399210-8BC1-4508-82F5-AD93F992CC99} = {3CC67876-D72C-47F2-B938-0D3572DA1D31}
		{8C052608-CD65-4EB4-B306-0F04B75D487B} = {4F6327FE-613C-4AEC-B4E8-515335848659}
		{E3DE4B5F-E813-4C42-BD73-F7666094B49D} = {067AE9F0-67D3-42DD-8DF4-5299979A2452}
		{7166EE0C-BDB7-4004-92E5-EF6B13329165} = {F505CFA2-7C27-44BF-B60A-1BDF46CE0DB7}
		{96FD29A2-F0CF-4E2C-A51F-51DB23AB613A} = {66996FBA-B9C7-4100-8E88-A9A7F1DC353A}
		{EDDF8BB7-4CBB-4EAF-89F9-73FEB46452D1} = {2BEFE36B-F341-4F6F-AC08-D70AA424ECCF}
		{CB3EC5EC-552A-4791-B572-85430E6CF101} = {374DDAD6-BC97-4BE4-BD35-2A157A9968AB}
		{B96D4591-833E-4B53-9230-FE25ABE434EC} = {F97D74BB-8E68-4D03-ABA8-D4C506AE0556}
	EndGlobalSection
	GlobalSection(ExtensibilityGlobals) = postSolution
		SolutionGuid = {67E804EC-112C-4DF9-85CB-EC1091B1EC13}
	EndGlobalSection
EndGlobal
